
Microsoft Visual Studio Solution File, Format Version 12.00
# Visual Studio Version 17
VisualStudioVersion = 17.2.32630.192
MinimumVisualStudioVersion = 10.0.40219.1
Project("{8BC9CEB8-8B4A-11D0-8D11-00A0C91BC942}") = "elevate32", "elevate32.vcxproj", "{B33252D8-9F97-4EA2-897C-FD214357332D}"
EndProject
Global
	GlobalSection(SolutionConfigurationPlatforms) = preSolution
		Debug|x64 = Debug|x64
		Debug|x86 = Debug|x86
		Release|x64 = Release|x64
		Release|x86 = Release|x86
	EndGlobalSection
	GlobalSection(ProjectConfigurationPlatforms) = postSolution
		{B33252D8-9F97-4EA2-897C-FD214357332D}.Debug|x64.ActiveCfg = Debug|x64
		{B33252D8-9F97-4EA2-897C-FD214357332D}.Debug|x64.Build.0 = Debug|x64
		{B33252D8-9F97-4EA2-897C-FD214357332D}.Debug|x86.ActiveCfg = Debug|Win32
		{B33252D8-9F97-4EA2-897C-FD214357332D}.Debug|x86.Build.0 = Debug|Win32
		{B33252D8-9F97-4EA2-897C-FD214357332D}.Release|x64.ActiveCfg = Release|x64
		{B33252D8-9F97-4EA2-897C-FD214357332D}.Release|x64.Build.0 = Release|x64
		{B33252D8-9F97-4EA2-897C-FD214357332D}.Release|x86.ActiveCfg = Release|Win32
		{B33252D8-9F97-4EA2-897C-FD214357332D}.Release|x86.Build.0 = Release|Win32
	EndGlobalSection
	GlobalSection(SolutionProperties) = preSolution
		HideSolutionNode = FALSE
	EndGlobalSection
	GlobalSection(ExtensibilityGlobals) = postSolution
		SolutionGuid = {586117DE-EF03-434B-AECA-92388839B7E1}
	EndGlobalSection
EndGlobal
